
Microsoft Visual Studio Solution File, Format Version 12.00
# Visual Studio 15
VisualStudioVersion = 15.0.26430.6
MinimumVisualStudioVersion = 10.0.40219.1
Project("{2150E333-8FDC-42A3-9474-1A3956D46DE8}") = "Test", "Test", "{DCD83F5B-B1EC-4E7E-AAD2-C98826EB79EC}"
EndProject
Project("{FAE04EC0-301F-11D3-BF4B-00C04F79EFBC}") = "WowSimpleLadder.Api", "WowSimpleLadder.Api\WowSimpleLadder.Api.csproj", "{E03C01BC-1758-436C-BA05-95705EF3A6BD}"
EndProject
Project("{FAE04EC0-301F-11D3-BF4B-00C04F79EFBC}") = "WowSimpleLadder.Models", "WowSimpleLadder.Models\WowSimpleLadder.Models.csproj", "{695048E6-8487-4679-88F0-363BAC77653F}"
EndProject
Project("{FAE04EC0-301F-11D3-BF4B-00C04F79EFBC}") = "WowSimpleLadder.DAL", "WowSimpleLadder.DAL\WowSimpleLadder.DAL.csproj", "{FA73229D-FF1B-42FC-BCB8-E0AA7DF0E13C}"
EndProject
Project("{FAE04EC0-301F-11D3-BF4B-00C04F79EFBC}") = "WowSimpleLadder.BLL", "WowSimpleLadder.BLL\WowSimpleLadder.BLL.csproj", "{2E055884-CEE2-4A32-AFBD-C6E48095DF3F}"
EndProject
Project("{FAE04EC0-301F-11D3-BF4B-00C04F79EFBC}") = "WowSimpleLadder.Configuration", "WowSimpleLadder.Configuration\WowSimpleLadder.Configuration.csproj", "{C6223968-7B64-48A1-B221-C12DA140AF24}"
EndProject
Project("{FAE04EC0-301F-11D3-BF4B-00C04F79EFBC}") = "WowSimpleLadder.Web", "WowSimpleLadder.Web\WowSimpleLadder.Web.csproj", "{D7F6D486-B1BC-457E-B6CC-8ED14468EFF8}"
EndProject
Project("{FAE04EC0-301F-11D3-BF4B-00C04F79EFBC}") = "WowSimpleLadder.Logger", "WowSimpleLadder.Logger\WowSimpleLadder.Logger.csproj", "{4506EB85-840C-4ADF-B0B6-6B0041455C44}"
EndProject
Global
	GlobalSection(SolutionConfigurationPlatforms) = preSolution
		Debug|Any CPU = Debug|Any CPU
		Release|Any CPU = Release|Any CPU
	EndGlobalSection
	GlobalSection(ProjectConfigurationPlatforms) = postSolution
		{E03C01BC-1758-436C-BA05-95705EF3A6BD}.Debug|Any CPU.ActiveCfg = Debug|Any CPU
		{E03C01BC-1758-436C-BA05-95705EF3A6BD}.Debug|Any CPU.Build.0 = Debug|Any CPU
		{E03C01BC-1758-436C-BA05-95705EF3A6BD}.Release|Any CPU.ActiveCfg = Release|Any CPU
		{E03C01BC-1758-436C-BA05-95705EF3A6BD}.Release|Any CPU.Build.0 = Release|Any CPU
		{695048E6-8487-4679-88F0-363BAC77653F}.Debug|Any CPU.ActiveCfg = Debug|Any CPU
		{695048E6-8487-4679-88F0-363BAC77653F}.Debug|Any CPU.Build.0 = Debug|Any CPU
		{695048E6-8487-4679-88F0-363BAC77653F}.Release|Any CPU.ActiveCfg = Release|Any CPU
		{695048E6-8487-4679-88F0-363BAC77653F}.Release|Any CPU.Build.0 = Release|Any CPU
		{FA73229D-FF1B-42FC-BCB8-E0AA7DF0E13C}.Debug|Any CPU.ActiveCfg = Debug|Any CPU
		{FA73229D-FF1B-42FC-BCB8-E0AA7DF0E13C}.Debug|Any CPU.Build.0 = Debug|Any CPU
		{FA73229D-FF1B-42FC-BCB8-E0AA7DF0E13C}.Release|Any CPU.ActiveCfg = Release|Any CPU
		{FA73229D-FF1B-42FC-BCB8-E0AA7DF0E13C}.Release|Any CPU.Build.0 = Release|Any CPU
		{2E055884-CEE2-4A32-AFBD-C6E48095DF3F}.Debug|Any CPU.ActiveCfg = Debug|Any CPU
		{2E055884-CEE2-4A32-AFBD-C6E48095DF3F}.Debug|Any CPU.Build.0 = Debug|Any CPU
		{2E055884-CEE2-4A32-AFBD-C6E48095DF3F}.Release|Any CPU.ActiveCfg = Release|Any CPU
		{2E055884-CEE2-4A32-AFBD-C6E48095DF3F}.Release|Any CPU.Build.0 = Release|Any CPU
		{C6223968-7B64-48A1-B221-C12DA140AF24}.Debug|Any CPU.ActiveCfg = Debug|Any CPU
		{C6223968-7B64-48A1-B221-C12DA140AF24}.Debug|Any CPU.Build.0 = Debug|Any CPU
		{C6223968-7B64-48A1-B221-C12DA140AF24}.Release|Any CPU.ActiveCfg = Release|Any CPU
		{C6223968-7B64-48A1-B221-C12DA140AF24}.Release|Any CPU.Build.0 = Release|Any CPU
		{D7F6D486-B1BC-457E-B6CC-8ED14468EFF8}.Debug|Any CPU.ActiveCfg = Debug|Any CPU
		{D7F6D486-B1BC-457E-B6CC-8ED14468EFF8}.Debug|Any CPU.Build.0 = Debug|Any CPU
		{D7F6D486-B1BC-457E-B6CC-8ED14468EFF8}.Release|Any CPU.ActiveCfg = Release|Any CPU
		{D7F6D486-B1BC-457E-B6CC-8ED14468EFF8}.Release|Any CPU.Build.0 = Release|Any CPU
		{4506EB85-840C-4ADF-B0B6-6B0041455C44}.Debug|Any CPU.ActiveCfg = Debug|Any CPU
		{4506EB85-840C-4ADF-B0B6-6B0041455C44}.Debug|Any CPU.Build.0 = Debug|Any CPU
		{4506EB85-840C-4ADF-B0B6-6B0041455C44}.Release|Any CPU.ActiveCfg = Release|Any CPU
		{4506EB85-840C-4ADF-B0B6-6B0041455C44}.Release|Any CPU.Build.0 = Release|Any CPU
	EndGlobalSection
	GlobalSection(SolutionProperties) = preSolution
		HideSolutionNode = FALSE
	EndGlobalSection
EndGlobal
